<?xml version="1.0" encoding="utf-8"?>
<Project ToolsVersion="14.0" xmlns="http://schemas.microsoft.com/developer/msbuild/2003">
  <ItemGroup>
    <Filter Include="Common">
      <UniqueIdentifier>97e2e679-843a-4ec5-81a7-fbb1430a6112</UniqueIdentifier>
    </Filter>
    <Filter Include="Assets">
      <UniqueIdentifier>9ebcb3e2-0658-4295-bc08-e15de82ff5c6</UniqueIdentifier>
      <Extensions>bmp;fbx;gif;jpg;jpeg;tga;tiff;tif;png</Extensions>
    </Filter>
    <Image Include="Assets\Logo.scale-100.png">
      <Filter>Assets</Filter>
    </Image>
    <Image Include="Assets\SmallLogo.scale-100.png">
      <Filter>Assets</Filter>
    </Image>
    <Image Include="Assets\StoreLogo.scale-100.png">
      <Filter>Assets</Filter>
    </Image>
    <Image Include="Assets\SplashScreen.scale-100.png">
      <Filter>Assets</Filter>
    </Image>
  </ItemGroup>
</Project>
